// !$*UTF8*$!
{
	archiveVersion = 1;
	classes = {
	};
	objectVersion = 77;
	objects = {

/* Begin PBXBuildFile section */
		3A28612C2DB0085E0017BCE5 /* FirebaseAnalytics in Frameworks */ = {isa = PBXBuildFile; productRef = 3A28612B2DB0085E0017BCE5 /* FirebaseAnalytics */; };
		3A28612E2DB0085E0017BCE5 /* FirebaseAnalyticsOnDeviceConversion in Frameworks */ = {isa = PBXBuildFile; productRef = 3A28612D2DB0085E0017BCE5 /* FirebaseAnalyticsOnDeviceConversion */; };
		3A2861302DB0085E0017BCE5 /* FirebaseAnalyticsWithoutAdIdSupport in Frameworks */ = {isa = PBXBuildFile; productRef = 3A28612F2DB0085E0017BCE5 /* FirebaseAnalyticsWithoutAdIdSupport */; };
		3A2861322DB0085E0017BCE5 /* FirebaseAppCheck in Frameworks */ = {isa = PBXBuildFile; productRef = 3A2861312DB0085E0017BCE5 /* FirebaseAppCheck */; };
		3A2861342DB0085E0017BCE5 /* FirebaseAppDistribution-Beta in Frameworks */ = {isa = PBXBuildFile; productRef = 3A2861332DB0085E0017BCE5 /* FirebaseAppDistribution-Beta */; };
		3A2861362DB0085E0017BCE5 /* FirebaseAuth in Frameworks */ = {isa = PBXBuildFile; productRef = 3A2861352DB0085E0017BCE5 /* FirebaseAuth */; };
		3A2861382DB0085E0017BCE5 /* FirebaseAuthCombine-Community in Frameworks */ = {isa = PBXBuildFile; productRef = 3A2861372DB0085E0017BCE5 /* FirebaseAuthCombine-Community */; };
		3A28613A2DB0085E0017BCE5 /* FirebaseCore in Frameworks */ = {isa = PBXBuildFile; productRef = 3A2861392DB0085E0017BCE5 /* FirebaseCore */; };
		3A28613C2DB0085E0017BCE5 /* FirebaseCrashlytics in Frameworks */ = {isa = PBXBuildFile; productRef = 3A28613B2DB0085E0017BCE5 /* FirebaseCrashlytics */; };
		3A28613E2DB0085E0017BCE5 /* FirebaseDatabase in Frameworks */ = {isa = PBXBuildFile; productRef = 3A28613D2DB0085E0017BCE5 /* FirebaseDatabase */; };
		3A2861402DB0085E0017BCE5 /* FirebaseDynamicLinks in Frameworks */ = {isa = PBXBuildFile; productRef = 3A28613F2DB0085E0017BCE5 /* FirebaseDynamicLinks */; };
		3A2861422DB0085E0017BCE5 /* FirebaseFirestore in Frameworks */ = {isa = PBXBuildFile; productRef = 3A2861412DB0085E0017BCE5 /* FirebaseFirestore */; };
		3A2861442DB0085E0017BCE5 /* FirebaseFirestoreCombine-Community in Frameworks */ = {isa = PBXBuildFile; productRef = 3A2861432DB0085E0017BCE5 /* FirebaseFirestoreCombine-Community */; };
		3A2861462DB0085E0017BCE5 /* FirebaseFunctions in Frameworks */ = {isa = PBXBuildFile; productRef = 3A2861452DB0085E0017BCE5 /* FirebaseFunctions */; };
		3A2861482DB0085E0017BCE5 /* FirebaseFunctionsCombine-Community in Frameworks */ = {isa = PBXBuildFile; productRef = 3A2861472DB0085E0017BCE5 /* FirebaseFunctionsCombine-Community */; };
		3A28614A2DB0085E0017BCE5 /* FirebaseInAppMessaging-Beta in Frameworks */ = {isa = PBXBuildFile; productRef = 3A2861492DB0085E0017BCE5 /* FirebaseInAppMessaging-Beta */; };
		3A28614C2DB0085E0017BCE5 /* FirebaseInstallations in Frameworks */ = {isa = PBXBuildFile; productRef = 3A28614B2DB0085E0017BCE5 /* FirebaseInstallations */; };
		3A28614E2DB0085E0017BCE5 /* FirebaseMLModelDownloader in Frameworks */ = {isa = PBXBuildFile; productRef = 3A28614D2DB0085E0017BCE5 /* FirebaseMLModelDownloader */; };
		3A2861502DB0085E0017BCE5 /* FirebaseMessaging in Frameworks */ = {isa = PBXBuildFile; productRef = 3A28614F2DB0085E0017BCE5 /* FirebaseMessaging */; };
		3A2861522DB0085E0017BCE5 /* FirebasePerformance in Frameworks */ = {isa = PBXBuildFile; productRef = 3A2861512DB0085E0017BCE5 /* FirebasePerformance */; };
		3A2861542DB0085E0017BCE5 /* FirebaseRemoteConfig in Frameworks */ = {isa = PBXBuildFile; productRef = 3A2861532DB0085E0017BCE5 /* FirebaseRemoteConfig */; };
		3A2861562DB0085E0017BCE5 /* FirebaseStorage in Frameworks */ = {isa = PBXBuildFile; productRef = 3A2861552DB0085E0017BCE5 /* FirebaseStorage */; };
		3A2861582DB0085E0017BCE5 /* FirebaseStorageCombine-Community in Frameworks */ = {isa = PBXBuildFile; productRef = 3A2861572DB0085E0017BCE5 /* FirebaseStorageCombine-Community */; };
		3A28615A2DB0085E0017BCE5 /* FirebaseVertexAI in Frameworks */ = {isa = PBXBuildFile; productRef = 3A2861592DB0085E0017BCE5 /* FirebaseVertexAI */; };
/* End PBXBuildFile section */

/* Begin PBXFileReference section */
		3AB12A172DA5598C00F10B13 /* My SUI App.app */ = {isa = PBXFileReference; explicitFileType = wrapper.application; includeInIndex = 0; path = "My SUI App.app"; sourceTree = BUILT_PRODUCTS_DIR; };
/* End PBXFileReference section */

/* Begin PBXFileSystemSynchronizedRootGroup section */
		3AB12A192DA5598C00F10B13 /* My SUI App */ = {
			isa = PBXFileSystemSynchronizedRootGroup;
			path = "My SUI App";
			sourceTree = "<group>";
		};
/* End PBXFileSystemSynchronizedRootGroup section */

/* Begin PBXFrameworksBuildPhase section */
		3AB12A142DA5598C00F10B13 /* Frameworks */ = {
			isa = PBXFrameworksBuildPhase;
			buildActionMask = 2147483647;
			files = (
				3A2861442DB0085E0017BCE5 /* FirebaseFirestoreCombine-Community in Frameworks */,
				3A28615A2DB0085E0017BCE5 /* FirebaseVertexAI in Frameworks */,
				3A2861462DB0085E0017BCE5 /* FirebaseFunctions in Frameworks */,
				3A2861522DB0085E0017BCE5 /* FirebasePerformance in Frameworks */,
				3A2861582DB0085E0017BCE5 /* FirebaseStorageCombine-Community in Frameworks */,
				3A2861542DB0085E0017BCE5 /* FirebaseRemoteConfig in Frameworks */,
				3A28613E2DB0085E0017BCE5 /* FirebaseDatabase in Frameworks */,
				3A2861402DB0085E0017BCE5 /* FirebaseDynamicLinks in Frameworks */,
				3A2861322DB0085E0017BCE5 /* FirebaseAppCheck in Frameworks */,
				3A2861362DB0085E0017BCE5 /* FirebaseAuth in Frameworks */,
				3A28612C2DB0085E0017BCE5 /* FirebaseAnalytics in Frameworks */,
				3A2861422DB0085E0017BCE5 /* FirebaseFirestore in Frameworks */,
				3A2861502DB0085E0017BCE5 /* FirebaseMessaging in Frameworks */,
				3A28614C2DB0085E0017BCE5 /* FirebaseInstallations in Frameworks */,
				3A2861482DB0085E0017BCE5 /* FirebaseFunctionsCombine-Community in Frameworks */,
				3A2861342DB0085E0017BCE5 /* FirebaseAppDistribution-Beta in Frameworks */,
				3A2861302DB0085E0017BCE5 /* FirebaseAnalyticsWithoutAdIdSupport in Frameworks */,
				3A28614A2DB0085E0017BCE5 /* FirebaseInAppMessaging-Beta in Frameworks */,
				3A2861382DB0085E0017BCE5 /* FirebaseAuthCombine-Community in Frameworks */,
				3A28613C2DB0085E0017BCE5 /* FirebaseCrashlytics in Frameworks */,
				3A28614E2DB0085E0017BCE5 /* FirebaseMLModelDownloader in Frameworks */,
				3A2861562DB0085E0017BCE5 /* FirebaseStorage in Frameworks */,
				3A28613A2DB0085E0017BCE5 /* FirebaseCore in Frameworks */,
				3A28612E2DB0085E0017BCE5 /* FirebaseAnalyticsOnDeviceConversion in Frameworks */,
			);
			runOnlyForDeploymentPostprocessing = 0;
		};
/* End PBXFrameworksBuildPhase section */

/* Begin PBXGroup section */
		3AB12A0E2DA5598C00F10B13 = {
			isa = PBXGroup;
			children = (
				3AB12A192DA5598C00F10B13 /* My SUI App */,
				3AB12A182DA5598C00F10B13 /* Products */,
			);
			sourceTree = "<group>";
		};
		3AB12A182DA5598C00F10B13 /* Products */ = {
			isa = PBXGroup;
			children = (
				3AB12A172DA5598C00F10B13 /* My SUI App.app */,
			);
			name = Products;
			sourceTree = "<group>";
		};
/* End PBXGroup section */

/* Begin PBXNativeTarget section */
		3AB12A162DA5598C00F10B13 /* My SUI App */ = {
			isa = PBXNativeTarget;
			buildConfigurationList = 3AB12A252DA5598E00F10B13 /* Build configuration list for PBXNativeTarget "My SUI App" */;
			buildPhases = (
				3AB12A132DA5598C00F10B13 /* Sources */,
				3AB12A142DA5598C00F10B13 /* Frameworks */,
				3AB12A152DA5598C00F10B13 /* Resources */,
			);
			buildRules = (
			);
			dependencies = (
			);
			fileSystemSynchronizedGroups = (
				3AB12A192DA5598C00F10B13 /* My SUI App */,
			);
			name = "My SUI App";
			packageProductDependencies = (
				3A28612B2DB0085E0017BCE5 /* FirebaseAnalytics */,
				3A28612D2DB0085E0017BCE5 /* FirebaseAnalyticsOnDeviceConversion */,
				3A28612F2DB0085E0017BCE5 /* FirebaseAnalyticsWithoutAdIdSupport */,
				3A2861312DB0085E0017BCE5 /* FirebaseAppCheck */,
				3A2861332DB0085E0017BCE5 /* FirebaseAppDistribution-Beta */,
				3A2861352DB0085E0017BCE5 /* FirebaseAuth */,
				3A2861372DB0085E0017BCE5 /* FirebaseAuthCombine-Community */,
				3A2861392DB0085E0017BCE5 /* FirebaseCore */,
				3A28613B2DB0085E0017BCE5 /* FirebaseCrashlytics */,
				3A28613D2DB0085E0017BCE5 /* FirebaseDatabase */,
				3A28613F2DB0085E0017BCE5 /* FirebaseDynamicLinks */,
				3A2861412DB0085E0017BCE5 /* FirebaseFirestore */,
				3A2861432DB0085E0017BCE5 /* FirebaseFirestoreCombine-Community */,
				3A2861452DB0085E0017BCE5 /* FirebaseFunctions */,
				3A2861472DB0085E0017BCE5 /* FirebaseFunctionsCombine-Community */,
				3A2861492DB0085E0017BCE5 /* FirebaseInAppMessaging-Beta */,
				3A28614B2DB0085E0017BCE5 /* FirebaseInstallations */,
				3A28614D2DB0085E0017BCE5 /* FirebaseMLModelDownloader */,
				3A28614F2DB0085E0017BCE5 /* FirebaseMessaging */,
				3A2861512DB0085E0017BCE5 /* FirebasePerformance */,
				3A2861532DB0085E0017BCE5 /* FirebaseRemoteConfig */,
				3A2861552DB0085E0017BCE5 /* FirebaseStorage */,
				3A2861572DB0085E0017BCE5 /* FirebaseStorageCombine-Community */,
				3A2861592DB0085E0017BCE5 /* FirebaseVertexAI */,
			);
			productName = "My SUI App";
			productReference = 3AB12A172DA5598C00F10B13 /* My SUI App.app */;
			productType = "com.apple.product-type.application";
		};
/* End PBXNativeTarget section */

/* Begin PBXProject section */
		3AB12A0F2DA5598C00F10B13 /* Project object */ = {
			isa = PBXProject;
			attributes = {
				BuildIndependentTargetsInParallel = 1;
				LastSwiftUpdateCheck = 1620;
				LastUpgradeCheck = 1620;
				TargetAttributes = {
					3AB12A162DA5598C00F10B13 = {
						CreatedOnToolsVersion = 16.2;
					};
				};
			};
			buildConfigurationList = 3AB12A122DA5598C00F10B13 /* Build configuration list for PBXProject "My SUI App" */;
			developmentRegion = en;
			hasScannedForEncodings = 0;
			knownRegions = (
				en,
				Base,
				ru,
			);
			mainGroup = 3AB12A0E2DA5598C00F10B13;
			minimizedProjectReferenceProxies = 1;
			packageReferences = (
				3A28612A2DB0085E0017BCE5 /* XCRemoteSwiftPackageReference "firebase-ios-sdk" */,
			);
			preferredProjectObjectVersion = 77;
			productRefGroup = 3AB12A182DA5598C00F10B13 /* Products */;
			projectDirPath = "";
			projectRoot = "";
			targets = (
				3AB12A162DA5598C00F10B13 /* My SUI App */,
			);
		};
/* End PBXProject section */

/* Begin PBXResourcesBuildPhase section */
		3AB12A152DA5598C00F10B13 /* Resources */ = {
			isa = PBXResourcesBuildPhase;
			buildActionMask = 2147483647;
			files = (
			);
			runOnlyForDeploymentPostprocessing = 0;
		};
/* End PBXResourcesBuildPhase section */

/* Begin PBXSourcesBuildPhase section */
		3AB12A132DA5598C00F10B13 /* Sources */ = {
			isa = PBXSourcesBuildPhase;
			buildActionMask = 2147483647;
			files = (
			);
			runOnlyForDeploymentPostprocessing = 0;
		};
/* End PBXSourcesBuildPhase section */

/* Begin XCBuildConfiguration section */
		3AB12A232DA5598E00F10B13 /* Debug */ = {
			isa = XCBuildConfiguration;
			buildSettings = {
				ALWAYS_SEARCH_USER_PATHS = NO;
				ASSETCATALOG_COMPILER_GENERATE_SWIFT_ASSET_SYMBOL_EXTENSIONS = YES;
				CLANG_ANALYZER_NONNULL = YES;
				CLANG_ANALYZER_NUMBER_OBJECT_CONVERSION = YES_AGGRESSIVE;
				CLANG_CXX_LANGUAGE_STANDARD = "gnu++20";
				CLANG_ENABLE_MODULES = YES;
				CLANG_ENABLE_OBJC_ARC = YES;
				CLANG_ENABLE_OBJC_WEAK = YES;
				CLANG_WARN_BLOCK_CAPTURE_AUTORELEASING = YES;
				CLANG_WARN_BOOL_CONVERSION = YES;
				CLANG_WARN_COMMA = YES;
				CLANG_WARN_CONSTANT_CONVERSION = YES;
				CLANG_WARN_DEPRECATED_OBJC_IMPLEMENTATIONS = YES;
				CLANG_WARN_DIRECT_OBJC_ISA_USAGE = YES_ERROR;
				CLANG_WARN_DOCUMENTATION_COMMENTS = YES;
				CLANG_WARN_EMPTY_BODY = YES;
				CLANG_WARN_ENUM_CONVERSION = YES;
				CLANG_WARN_INFINITE_RECURSION = YES;
				CLANG_WARN_INT_CONVERSION = YES;
				CLANG_WARN_NON_LITERAL_NULL_CONVERSION = YES;
				CLANG_WARN_OBJC_IMPLICIT_RETAIN_SELF = YES;
				CLANG_WARN_OBJC_LITERAL_CONVERSION = YES;
				CLANG_WARN_OBJC_ROOT_CLASS = YES_ERROR;
				CLANG_WARN_QUOTED_INCLUDE_IN_FRAMEWORK_HEADER = YES;
				CLANG_WARN_RANGE_LOOP_ANALYSIS = YES;
				CLANG_WARN_STRICT_PROTOTYPES = YES;
				CLANG_WARN_SUSPICIOUS_MOVE = YES;
				CLANG_WARN_UNGUARDED_AVAILABILITY = YES_AGGRESSIVE;
				CLANG_WARN_UNREACHABLE_CODE = YES;
				CLANG_WARN__DUPLICATE_METHOD_MATCH = YES;
				COPY_PHASE_STRIP = NO;
				DEBUG_INFORMATION_FORMAT = dwarf;
				ENABLE_STRICT_OBJC_MSGSEND = YES;
				ENABLE_TESTABILITY = YES;
				ENABLE_USER_SCRIPT_SANDBOXING = YES;
				GCC_C_LANGUAGE_STANDARD = gnu17;
				GCC_DYNAMIC_NO_PIC = NO;
				GCC_NO_COMMON_BLOCKS = YES;
				GCC_OPTIMIZATION_LEVEL = 0;
				GCC_PREPROCESSOR_DEFINITIONS = (
					"DEBUG=1",
					"$(inherited)",
				);
				GCC_WARN_64_TO_32_BIT_CONVERSION = YES;
				GCC_WARN_ABOUT_RETURN_TYPE = YES_ERROR;
				GCC_WARN_UNDECLARED_SELECTOR = YES;
				GCC_WARN_UNINITIALIZED_AUTOS = YES_AGGRESSIVE;
				GCC_WARN_UNUSED_FUNCTION = YES;
				GCC_WARN_UNUSED_VARIABLE = YES;
				IPHONEOS_DEPLOYMENT_TARGET = 18.2;
				LOCALIZATION_PREFERS_STRING_CATALOGS = YES;
				MTL_ENABLE_DEBUG_INFO = INCLUDE_SOURCE;
				MTL_FAST_MATH = YES;
				ONLY_ACTIVE_ARCH = YES;
				SDKROOT = iphoneos;
				SWIFT_ACTIVE_COMPILATION_CONDITIONS = "DEBUG $(inherited)";
				SWIFT_OPTIMIZATION_LEVEL = "-Onone";
			};
			name = Debug;
		};
		3AB12A242DA5598E00F10B13 /* Release */ = {
			isa = XCBuildConfiguration;
			buildSettings = {
				ALWAYS_SEARCH_USER_PATHS = NO;
				ASSETCATALOG_COMPILER_GENERATE_SWIFT_ASSET_SYMBOL_EXTENSIONS = YES;
				CLANG_ANALYZER_NONNULL = YES;
				CLANG_ANALYZER_NUMBER_OBJECT_CONVERSION = YES_AGGRESSIVE;
				CLANG_CXX_LANGUAGE_STANDARD = "gnu++20";
				CLANG_ENABLE_MODULES = YES;
				CLANG_ENABLE_OBJC_ARC = YES;
				CLANG_ENABLE_OBJC_WEAK = YES;
				CLANG_WARN_BLOCK_CAPTURE_AUTORELEASING = YES;
				CLANG_WARN_BOOL_CONVERSION = YES;
				CLANG_WARN_COMMA = YES;
				CLANG_WARN_CONSTANT_CONVERSION = YES;
				CLANG_WARN_DEPRECATED_OBJC_IMPLEMENTATIONS = YES;
				CLANG_WARN_DIRECT_OBJC_ISA_USAGE = YES_ERROR;
				CLANG_WARN_DOCUMENTATION_COMMENTS = YES;
				CLANG_WARN_EMPTY_BODY = YES;
				CLANG_WARN_ENUM_CONVERSION = YES;
				CLANG_WARN_INFINITE_RECURSION = YES;
				CLANG_WARN_INT_CONVERSION = YES;
				CLANG_WARN_NON_LITERAL_NULL_CONVERSION = YES;
				CLANG_WARN_OBJC_IMPLICIT_RETAIN_SELF = YES;
				CLANG_WARN_OBJC_LITERAL_CONVERSION = YES;
				CLANG_WARN_OBJC_ROOT_CLASS = YES_ERROR;
				CLANG_WARN_QUOTED_INCLUDE_IN_FRAMEWORK_HEADER = YES;
				CLANG_WARN_RANGE_LOOP_ANALYSIS = YES;
				CLANG_WARN_STRICT_PROTOTYPES = YES;
				CLANG_WARN_SUSPICIOUS_MOVE = YES;
				CLANG_WARN_UNGUARDED_AVAILABILITY = YES_AGGRESSIVE;
				CLANG_WARN_UNREACHABLE_CODE = YES;
				CLANG_WARN__DUPLICATE_METHOD_MATCH = YES;
				COPY_PHASE_STRIP = NO;
				DEBUG_INFORMATION_FORMAT = "dwarf-with-dsym";
				ENABLE_NS_ASSERTIONS = NO;
				ENABLE_STRICT_OBJC_MSGSEND = YES;
				ENABLE_USER_SCRIPT_SANDBOXING = YES;
				GCC_C_LANGUAGE_STANDARD = gnu17;
				GCC_NO_COMMON_BLOCKS = YES;
				GCC_WARN_64_TO_32_BIT_CONVERSION = YES;
				GCC_WARN_ABOUT_RETURN_TYPE = YES_ERROR;
				GCC_WARN_UNDECLARED_SELECTOR = YES;
				GCC_WARN_UNINITIALIZED_AUTOS = YES_AGGRESSIVE;
				GCC_WARN_UNUSED_FUNCTION = YES;
				GCC_WARN_UNUSED_VARIABLE = YES;
				IPHONEOS_DEPLOYMENT_TARGET = 18.2;
				LOCALIZATION_PREFERS_STRING_CATALOGS = YES;
				MTL_ENABLE_DEBUG_INFO = NO;
				MTL_FAST_MATH = YES;
				SDKROOT = iphoneos;
				SWIFT_COMPILATION_MODE = wholemodule;
				VALIDATE_PRODUCT = YES;
			};
			name = Release;
		};
		3AB12A262DA5598E00F10B13 /* Debug */ = {
			isa = XCBuildConfiguration;
			buildSettings = {
				ASSETCATALOG_COMPILER_APPICON_NAME = AppIcon;
				ASSETCATALOG_COMPILER_GLOBAL_ACCENT_COLOR_NAME = AccentColor;
				CODE_SIGN_STYLE = Automatic;
				CURRENT_PROJECT_VERSION = 1;
				DEVELOPMENT_ASSET_PATHS = "\"My SUI App/Resources/PreviewContent\"";
				ENABLE_PREVIEWS = YES;
				GENERATE_INFOPLIST_FILE = YES;
				INFOPLIST_KEY_LSApplicationCategoryType = "public.app-category.news";
				INFOPLIST_KEY_UIApplicationSceneManifest_Generation = YES;
				INFOPLIST_KEY_UIApplicationSupportsIndirectInputEvents = YES;
				INFOPLIST_KEY_UILaunchScreen_Generation = YES;
				INFOPLIST_KEY_UIStatusBarStyle = "";
				INFOPLIST_KEY_UISupportedInterfaceOrientations = UIInterfaceOrientationPortrait;
				INFOPLIST_KEY_UISupportedInterfaceOrientations_iPad = "UIInterfaceOrientationLandscapeLeft UIInterfaceOrientationLandscapeRight UIInterfaceOrientationPortrait UIInterfaceOrientationPortraitUpsideDown";
				IPHONEOS_DEPLOYMENT_TARGET = 16.6;
				LD_RUNPATH_SEARCH_PATHS = (
					"$(inherited)",
					"@executable_path/Frameworks",
				);
				MARKETING_VERSION = 1.0;
				PRODUCT_BUNDLE_IDENTIFIER = "AlexSemyonov.My-SUI-App";
				PRODUCT_NAME = "$(TARGET_NAME)";
				SUPPORTED_PLATFORMS = "iphoneos iphonesimulator";
				SUPPORTS_MACCATALYST = NO;
				SUPPORTS_MAC_DESIGNED_FOR_IPHONE_IPAD = NO;
				SUPPORTS_XR_DESIGNED_FOR_IPHONE_IPAD = NO;
				SWIFT_EMIT_LOC_STRINGS = YES;
				SWIFT_VERSION = 5.0;
				TARGETED_DEVICE_FAMILY = 1;
			};
			name = Debug;
		};
		3AB12A272DA5598E00F10B13 /* Release */ = {
			isa = XCBuildConfiguration;
			buildSettings = {
				ASSETCATALOG_COMPILER_APPICON_NAME = AppIcon;
				ASSETCATALOG_COMPILER_GLOBAL_ACCENT_COLOR_NAME = AccentColor;
				CODE_SIGN_STYLE = Automatic;
				CURRENT_PROJECT_VERSION = 1;
				DEVELOPMENT_ASSET_PATHS = "\"My SUI App/Resources/PreviewContent\"";
				ENABLE_PREVIEWS = YES;
				GENERATE_INFOPLIST_FILE = YES;
				INFOPLIST_KEY_LSApplicationCategoryType = "public.app-category.news";
				INFOPLIST_KEY_UIApplicationSceneManifest_Generation = YES;
				INFOPLIST_KEY_UIApplicationSupportsIndirectInputEvents = YES;
				INFOPLIST_KEY_UILaunchScreen_Generation = YES;
				INFOPLIST_KEY_UIStatusBarStyle = "";
				INFOPLIST_KEY_UISupportedInterfaceOrientations = UIInterfaceOrientationPortrait;
				INFOPLIST_KEY_UISupportedInterfaceOrientations_iPad = "UIInterfaceOrientationLandscapeLeft UIInterfaceOrientationLandscapeRight UIInterfaceOrientationPortrait UIInterfaceOrientationPortraitUpsideDown";
				IPHONEOS_DEPLOYMENT_TARGET = 16.6;
				LD_RUNPATH_SEARCH_PATHS = (
					"$(inherited)",
					"@executable_path/Frameworks",
				);
				MARKETING_VERSION = 1.0;
				PRODUCT_BUNDLE_IDENTIFIER = "AlexSemyonov.My-SUI-App";
				PRODUCT_NAME = "$(TARGET_NAME)";
				SUPPORTED_PLATFORMS = "iphoneos iphonesimulator";
				SUPPORTS_MACCATALYST = NO;
				SUPPORTS_MAC_DESIGNED_FOR_IPHONE_IPAD = NO;
				SUPPORTS_XR_DESIGNED_FOR_IPHONE_IPAD = NO;
				SWIFT_EMIT_LOC_STRINGS = YES;
				SWIFT_VERSION = 5.0;
				TARGETED_DEVICE_FAMILY = 1;
			};
			name = Release;
		};
/* End XCBuildConfiguration section */

/* Begin XCConfigurationList section */
		3AB12A122DA5598C00F10B13 /* Build configuration list for PBXProject "My SUI App" */ = {
			isa = XCConfigurationList;
			buildConfigurations = (
				3AB12A232DA5598E00F10B13 /* Debug */,
				3AB12A242DA5598E00F10B13 /* Release */,
			);
			defaultConfigurationIsVisible = 0;
			defaultConfigurationName = Release;
		};
		3AB12A252DA5598E00F10B13 /* Build configuration list for PBXNativeTarget "My SUI App" */ = {
			isa = XCConfigurationList;
			buildConfigurations = (
				3AB12A262DA5598E00F10B13 /* Debug */,
				3AB12A272DA5598E00F10B13 /* Release */,
			);
			defaultConfigurationIsVisible = 0;
			defaultConfigurationName = Release;
		};
/* End XCConfigurationList section */

/* Begin XCRemoteSwiftPackageReference section */
		3A28612A2DB0085E0017BCE5 /* XCRemoteSwiftPackageReference "firebase-ios-sdk" */ = {
			isa = XCRemoteSwiftPackageReference;
			repositoryURL = "https://github.com/firebase/firebase-ios-sdk";
			requirement = {
				kind = upToNextMajorVersion;
				minimumVersion = 11.11.0;
			};
		};
/* End XCRemoteSwiftPackageReference section */

/* Begin XCSwiftPackageProductDependency section */
		3A28612B2DB0085E0017BCE5 /* FirebaseAnalytics */ = {
			isa = XCSwiftPackageProductDependency;
			package = 3A28612A2DB0085E0017BCE5 /* XCRemoteSwiftPackageReference "firebase-ios-sdk" */;
			productName = FirebaseAnalytics;
		};
		3A28612D2DB0085E0017BCE5 /* FirebaseAnalyticsOnDeviceConversion */ = {
			isa = XCSwiftPackageProductDependency;
			package = 3A28612A2DB0085E0017BCE5 /* XCRemoteSwiftPackageReference "firebase-ios-sdk" */;
			productName = FirebaseAnalyticsOnDeviceConversion;
		};
		3A28612F2DB0085E0017BCE5 /* FirebaseAnalyticsWithoutAdIdSupport */ = {
			isa = XCSwiftPackageProductDependency;
			package = 3A28612A2DB0085E0017BCE5 /* XCRemoteSwiftPackageReference "firebase-ios-sdk" */;
			productName = FirebaseAnalyticsWithoutAdIdSupport;
		};
		3A2861312DB0085E0017BCE5 /* FirebaseAppCheck */ = {
			isa = XCSwiftPackageProductDependency;
			package = 3A28612A2DB0085E0017BCE5 /* XCRemoteSwiftPackageReference "firebase-ios-sdk" */;
			productName = FirebaseAppCheck;
		};
		3A2861332DB0085E0017BCE5 /* FirebaseAppDistribution-Beta */ = {
			isa = XCSwiftPackageProductDependency;
			package = 3A28612A2DB0085E0017BCE5 /* XCRemoteSwiftPackageReference "firebase-ios-sdk" */;
			productName = "FirebaseAppDistribution-Beta";
		};
		3A2861352DB0085E0017BCE5 /* FirebaseAuth */ = {
			isa = XCSwiftPackageProductDependency;
			package = 3A28612A2DB0085E0017BCE5 /* XCRemoteSwiftPackageReference "firebase-ios-sdk" */;
			productName = FirebaseAuth;
		};
		3A2861372DB0085E0017BCE5 /* FirebaseAuthCombine-Community */ = {
			isa = XCSwiftPackageProductDependency;
			package = 3A28612A2DB0085E0017BCE5 /* XCRemoteSwiftPackageReference "firebase-ios-sdk" */;
			productName = "FirebaseAuthCombine-Community";
		};
		3A2861392DB0085E0017BCE5 /* FirebaseCore */ = {
			isa = XCSwiftPackageProductDependency;
			package = 3A28612A2DB0085E0017BCE5 /* XCRemoteSwiftPackageReference "firebase-ios-sdk" */;
			productName = FirebaseCore;
		};
		3A28613B2DB0085E0017BCE5 /* FirebaseCrashlytics */ = {
			isa = XCSwiftPackageProductDependency;
			package = 3A28612A2DB0085E0017BCE5 /* XCRemoteSwiftPackageReference "firebase-ios-sdk" */;
			productName = FirebaseCrashlytics;
		};
		3A28613D2DB0085E0017BCE5 /* FirebaseDatabase */ = {
			isa = XCSwiftPackageProductDependency;
			package = 3A28612A2DB0085E0017BCE5 /* XCRemoteSwiftPackageReference "firebase-ios-sdk" */;
			productName = FirebaseDatabase;
		};
		3A28613F2DB0085E0017BCE5 /* FirebaseDynamicLinks */ = {
			isa = XCSwiftPackageProductDependency;
			package = 3A28612A2DB0085E0017BCE5 /* XCRemoteSwiftPackageReference "firebase-ios-sdk" */;
			productName = FirebaseDynamicLinks;
		};
		3A2861412DB0085E0017BCE5 /* FirebaseFirestore */ = {
			isa = XCSwiftPackageProductDependency;
			package = 3A28612A2DB0085E0017BCE5 /* XCRemoteSwiftPackageReference "firebase-ios-sdk" */;
			productName = FirebaseFirestore;
		};
		3A2861432DB0085E0017BCE5 /* FirebaseFirestoreCombine-Community */ = {
			isa = XCSwiftPackageProductDependency;
			package = 3A28612A2DB0085E0017BCE5 /* XCRemoteSwiftPackageReference "firebase-ios-sdk" */;
			productName = "FirebaseFirestoreCombine-Community";
		};
		3A2861452DB0085E0017BCE5 /* FirebaseFunctions */ = {
			isa = XCSwiftPackageProductDependency;
			package = 3A28612A2DB0085E0017BCE5 /* XCRemoteSwiftPackageReference "firebase-ios-sdk" */;
			productName = FirebaseFunctions;
		};
		3A2861472DB0085E0017BCE5 /* FirebaseFunctionsCombine-Community */ = {
			isa = XCSwiftPackageProductDependency;
			package = 3A28612A2DB0085E0017BCE5 /* XCRemoteSwiftPackageReference "firebase-ios-sdk" */;
			productName = "FirebaseFunctionsCombine-Community";
		};
		3A2861492DB0085E0017BCE5 /* FirebaseInAppMessaging-Beta */ = {
			isa = XCSwiftPackageProductDependency;
			package = 3A28612A2DB0085E0017BCE5 /* XCRemoteSwiftPackageReference "firebase-ios-sdk" */;
			productName = "FirebaseInAppMessaging-Beta";
		};
		3A28614B2DB0085E0017BCE5 /* FirebaseInstallations */ = {
			isa = XCSwiftPackageProductDependency;
			package = 3A28612A2DB0085E0017BCE5 /* XCRemoteSwiftPackageReference "firebase-ios-sdk" */;
			productName = FirebaseInstallations;
		};
		3A28614D2DB0085E0017BCE5 /* FirebaseMLModelDownloader */ = {
			isa = XCSwiftPackageProductDependency;
			package = 3A28612A2DB0085E0017BCE5 /* XCRemoteSwiftPackageReference "firebase-ios-sdk" */;
			productName = FirebaseMLModelDownloader;
		};
		3A28614F2DB0085E0017BCE5 /* FirebaseMessaging */ = {
			isa = XCSwiftPackageProductDependency;
			package = 3A28612A2DB0085E0017BCE5 /* XCRemoteSwiftPackageReference "firebase-ios-sdk" */;
			productName = FirebaseMessaging;
		};
		3A2861512DB0085E0017BCE5 /* FirebasePerformance */ = {
			isa = XCSwiftPackageProductDependency;
			package = 3A28612A2DB0085E0017BCE5 /* XCRemoteSwiftPackageReference "firebase-ios-sdk" */;
			productName = FirebasePerformance;
		};
		3A2861532DB0085E0017BCE5 /* FirebaseRemoteConfig */ = {
			isa = XCSwiftPackageProductDependency;
			package = 3A28612A2DB0085E0017BCE5 /* XCRemoteSwiftPackageReference "firebase-ios-sdk" */;
			productName = FirebaseRemoteConfig;
		};
		3A2861552DB0085E0017BCE5 /* FirebaseStorage */ = {
			isa = XCSwiftPackageProductDependency;
			package = 3A28612A2DB0085E0017BCE5 /* XCRemoteSwiftPackageReference "firebase-ios-sdk" */;
			productName = FirebaseStorage;
		};
		3A2861572DB0085E0017BCE5 /* FirebaseStorageCombine-Community */ = {
			isa = XCSwiftPackageProductDependency;
			package = 3A28612A2DB0085E0017BCE5 /* XCRemoteSwiftPackageReference "firebase-ios-sdk" */;
			productName = "FirebaseStorageCombine-Community";
		};
		3A2861592DB0085E0017BCE5 /* FirebaseVertexAI */ = {
			isa = XCSwiftPackageProductDependency;
			package = 3A28612A2DB0085E0017BCE5 /* XCRemoteSwiftPackageReference "firebase-ios-sdk" */;
			productName = FirebaseVertexAI;
		};
/* End XCSwiftPackageProductDependency section */
	};
	rootObject = 3AB12A0F2DA5598C00F10B13 /* Project object */;
}
